<?xml version="1.0" encoding="utf-8"?>
<Project ToolsVersion="4.0" xmlns="http://schemas.microsoft.com/developer/msbuild/2003">
  <ItemGroup>
    <Filter Include="Source Files">
      <UniqueIdentifier>{4FC737F1-C7A5-4376-A066-2A32D752A2FF}</UniqueIdentifier>
      <Extensions>cpp;cxx;c;def</Extensions>
    </Filter>
    <Filter Include="Header Files">
      <UniqueIdentifier>{93995380-89BD-4b04-88EB-625FBE52EBFB}</UniqueIdentifier>
      <Extensions>h</Extensions>
    </Filter>
    <Filter Include="Form Files">
      <UniqueIdentifier>{99349809-55BA-4b9d-BF79-8FDBB0286EB3}</UniqueIdentifier>
      <Extensions>ui</Extensions>
    </Filter>
    <Filter Include="Resource Files">
      <UniqueIdentifier>{D9D6E242-F8AF-46E4-B9FD-80ECBC20BA3E}</UniqueIdentifier>
      <Extensions>qrc;*</Extensions>
      <ParseFiles>false</ParseFiles>
    </Filter>
    <Filter Include="Generated Files">
      <UniqueIdentifier>{71ED8ED8-ACB9-4CE9-BBE1-E00B30144E11}</UniqueIdentifier>
      <Extensions>moc;h;cpp</Extensions>
      <SourceControlFiles>False</SourceControlFiles>
    </Filter>
    <Filter Include="Generated Files\Debug">
      <UniqueIdentifier>{04bc0857-c4b0-41e2-bf72-406a27361632}</UniqueIdentifier>
      <Extensions>cpp;moc</Extensions>
      <SourceControlFiles>False</SourceControlFiles>
    </Filter>
    <Filter Include="Generated Files\Release">
      <UniqueIdentifier>{e72b6286-800d-4dc0-adde-4098eda1bab7}</UniqueIdentifier>
      <Extensions>cpp;moc</Extensions>
      <SourceControlFiles>False</SourceControlFiles>
    </Filter>
  </ItemGroup>
  <ItemGroup>
    <ClCompile Include="main.cpp">
      <Filter>Source Files</Filter>
    </ClCompile>
    <ClCompile Include="mainwindow.cpp">
      <Filter>Source Files</Filter>
    </ClCompile>
    <ClCompile Include="GeneratedFiles\Debug\moc_mainwindow.cpp">
      <Filter>Generated Files\Debug</Filter>
    </ClCompile>
    <ClCompile Include="GeneratedFiles\Release\moc_mainwindow.cpp">
      <Filter>Generated Files\Release</Filter>
    </ClCompile>
    <ClCompile Include="GeneratedFiles\qrc_mainwindow.cpp">
      <Filter>Generated Files</Filter>
    </ClCompile>
    <ClCompile Include="hdr_loader.cpp">
      <Filter>Source Files</Filter>
    </ClCompile>
    <ClCompile Include="hdr_image.cpp">
      <Filter>Source Files</Filter>
    </ClCompile>
    <ClCompile Include="image_view.cpp">
      <Filter>Source Files</Filter>
    </ClCompile>
    <ClCompile Include="GeneratedFiles\Debug\moc_image_view.cpp">
      <Filter>Generated Files\Debug</Filter>
    </ClCompile>
    <ClCompile Include="GeneratedFiles\Release\moc_image_view.cpp">
      <Filter>Generated Files\Release</Filter>
    </ClCompile>
    <ClCompile Include="linear_map.cpp">
      <Filter>Source Files</Filter>
    </ClCompile>
    <ClCompile Include="log_map.cpp">
      <Filter>Source Files</Filter>
    </ClCompile>
    <ClCompile Include="rec_map.cpp">
      <Filter>Source Files</Filter>
    </ClCompile>
    <ClCompile Include="bilateral_map.cpp">
      <Filter>Source Files</Filter>
    </ClCompile>
    <ClCompile Include="histogram_map.cpp">
      <Filter>Source Files</Filter>
    </ClCompile>
    <ClCompile Include="lum.cpp">
      <Filter>Source Files</Filter>
    </ClCompile>
    <ClCompile Include="blur.cpp">
      <Filter>Source Files</Filter>
    </ClCompile>
    <ClCompile Include="radiance.cpp">
      <Filter>Source Files</Filter>
    </ClCompile>
    <ClCompile Include="hdr_maker.cpp">
      <Filter>Source Files</Filter>
    </ClCompile>
  </ItemGroup>
  <ItemGroup>
    <CustomBuild Include="mainwindow.h">
      <Filter>Header Files</Filter>
    </CustomBuild>
    <CustomBuild Include="mainwindow.ui">
      <Filter>Form Files</Filter>
    </CustomBuild>
    <CustomBuild Include="mainwindow.qrc">
      <Filter>Resource Files</Filter>
    </CustomBuild>
    <CustomBuild Include="image_view.h">
      <Filter>Header Files</Filter>
    </CustomBuild>
  </ItemGroup>
  <ItemGroup>
    <ClInclude Include="GeneratedFiles\ui_mainwindow.h">
      <Filter>Generated Files</Filter>
    </ClInclude>
    <ClInclude Include="hdr_image.h">
      <Filter>Header Files</Filter>
    </ClInclude>
    <ClInclude Include="hdr_loader.h">
      <Filter>Header Files</Filter>
    </ClInclude>
    <ClInclude Include="tonemap.h">
      <Filter>Header Files</Filter>
    </ClInclude>
    <ClInclude Include="convolutionFFT2D_common.h">
      <Filter>Header Files</Filter>
    </ClInclude>
    <ClInclude Include="helper_cuda.h">
      <Filter>Header Files</Filter>
    </ClInclude>
    <ClInclude Include="helper_string.h">
      <Filter>Header Files</Filter>
    </ClInclude>
    <ClInclude Include="radiance.h">
      <Filter>Header Files</Filter>
    </ClInclude>
    <ClInclude Include="hdr_maker.h">
      <Filter>Header Files</Filter>
    </ClInclude>
  </ItemGroup>
  <ItemGroup>
    <CudaCompile Include="scale_channels.cu" />
    <CudaCompile Include="log_map.cu" />
    <CudaCompile Include="gamma.cu" />
    <CudaCompile Include="rec_map.cu" />
    <CudaCompile Include="lum.cu" />
    <CudaCompile Include="convolutionFFT2D.cu" />
    <CudaCompile Include="bilateral.cu" />
    <CudaCompile Include="blur.cu" />
  </ItemGroup>
  <ItemGroup>
    <None Include="convolutionFFT2D.cuh" />
  </ItemGroup>
</Project>